// !$*UTF8*$!
{
	archiveVersion = 1;
	classes = {
	};
	objectVersion = 50;
	objects = {

/* Begin PBXBuildFile section */
		EC3B0ACA208173DB00F7691E /* AppDelegate.swift in Sources */ = {isa = PBXBuildFile; fileRef = EC3B0AC9208173DB00F7691E /* AppDelegate.swift */; };
		EC3B0ACC208173DB00F7691E /* art.scnassets in Resources */ = {isa = PBXBuildFile; fileRef = EC3B0ACB208173DB00F7691E /* art.scnassets */; };
		EC3B0ACE208173DB00F7691E /* ViewController.swift in Sources */ = {isa = PBXBuildFile; fileRef = EC3B0ACD208173DB00F7691E /* ViewController.swift */; };
		EC3B0AD1208173DB00F7691E /* Main.storyboard in Resources */ = {isa = PBXBuildFile; fileRef = EC3B0ACF208173DB00F7691E /* Main.storyboard */; };
		EC3B0AD3208173DC00F7691E /* Assets.xcassets in Resources */ = {isa = PBXBuildFile; fileRef = EC3B0AD2208173DC00F7691E /* Assets.xcassets */; };
		EC3B0AD6208173DC00F7691E /* LaunchScreen.storyboard in Resources */ = {isa = PBXBuildFile; fileRef = EC3B0AD4208173DC00F7691E /* LaunchScreen.storyboard */; };
		EC3B0AE1208173DC00F7691E /* ARAppTests.swift in Sources */ = {isa = PBXBuildFile; fileRef = EC3B0AE0208173DC00F7691E /* ARAppTests.swift */; };
		EC3B0AEC208173DC00F7691E /* ARAppUITests.swift in Sources */ = {isa = PBXBuildFile; fileRef = EC3B0AEB208173DC00F7691E /* ARAppUITests.swift */; };
		EC3B0AFA2082503600F7691E /* pin.png in Resources */ = {isa = PBXBuildFile; fileRef = EC3B0AF92082503600F7691E /* pin.png */; };
		EC4C8A81208263D5001A45A9 /* MapViewController.swift in Sources */ = {isa = PBXBuildFile; fileRef = EC4C8A80208263D5001A45A9 /* MapViewController.swift */; };
/* End PBXBuildFile section */

/* Begin PBXContainerItemProxy section */
		EC3B0ADD208173DC00F7691E /* PBXContainerItemProxy */ = {
			isa = PBXContainerItemProxy;
			containerPortal = EC3B0ABE208173DB00F7691E /* Project object */;
			proxyType = 1;
			remoteGlobalIDString = EC3B0AC5208173DB00F7691E;
			remoteInfo = ARApp;
		};
		EC3B0AE8208173DC00F7691E /* PBXContainerItemProxy */ = {
			isa = PBXContainerItemProxy;
			containerPortal = EC3B0ABE208173DB00F7691E /* Project object */;
			proxyType = 1;
			remoteGlobalIDString = EC3B0AC5208173DB00F7691E;
			remoteInfo = ARApp;
		};
/* End PBXContainerItemProxy section */

/* Begin PBXFileReference section */
		EC3B0AC6208173DB00F7691E /* ARApp.app */ = {isa = PBXFileReference; explicitFileType = wrapper.application; includeInIndex = 0; path = ARApp.app; sourceTree = BUILT_PRODUCTS_DIR; };
		EC3B0AC9208173DB00F7691E /* AppDelegate.swift */ = {isa = PBXFileReference; lastKnownFileType = sourcecode.swift; path = AppDelegate.swift; sourceTree = "<group>"; };
		EC3B0ACB208173DB00F7691E /* art.scnassets */ = {isa = PBXFileReference; lastKnownFileType = wrapper.scnassets; path = art.scnassets; sourceTree = "<group>"; };
		EC3B0ACD208173DB00F7691E /* ViewController.swift */ = {isa = PBXFileReference; lastKnownFileType = sourcecode.swift; path = ViewController.swift; sourceTree = "<group>"; };
		EC3B0AD0208173DB00F7691E /* Base */ = {isa = PBXFileReference; lastKnownFileType = file.storyboard; name = Base; path = Base.lproj/Main.storyboard; sourceTree = "<group>"; };
		EC3B0AD2208173DC00F7691E /* Assets.xcassets */ = {isa = PBXFileReference; lastKnownFileType = folder.assetcatalog; path = Assets.xcassets; sourceTree = "<group>"; };
		EC3B0AD5208173DC00F7691E /* Base */ = {isa = PBXFileReference; lastKnownFileType = file.storyboard; name = Base; path = Base.lproj/LaunchScreen.storyboard; sourceTree = "<group>"; };
		EC3B0AD7208173DC00F7691E /* Info.plist */ = {isa = PBXFileReference; lastKnownFileType = text.plist.xml; path = Info.plist; sourceTree = "<group>"; };
		EC3B0ADC208173DC00F7691E /* ARAppTests.xctest */ = {isa = PBXFileReference; explicitFileType = wrapper.cfbundle; includeInIndex = 0; path = ARAppTests.xctest; sourceTree = BUILT_PRODUCTS_DIR; };
		EC3B0AE0208173DC00F7691E /* ARAppTests.swift */ = {isa = PBXFileReference; lastKnownFileType = sourcecode.swift; path = ARAppTests.swift; sourceTree = "<group>"; };
		EC3B0AE2208173DC00F7691E /* Info.plist */ = {isa = PBXFileReference; lastKnownFileType = text.plist.xml; path = Info.plist; sourceTree = "<group>"; };
		EC3B0AE7208173DC00F7691E /* ARAppUITests.xctest */ = {isa = PBXFileReference; explicitFileType = wrapper.cfbundle; includeInIndex = 0; path = ARAppUITests.xctest; sourceTree = BUILT_PRODUCTS_DIR; };
		EC3B0AEB208173DC00F7691E /* ARAppUITests.swift */ = {isa = PBXFileReference; lastKnownFileType = sourcecode.swift; path = ARAppUITests.swift; sourceTree = "<group>"; };
		EC3B0AED208173DC00F7691E /* Info.plist */ = {isa = PBXFileReference; lastKnownFileType = text.plist.xml; path = Info.plist; sourceTree = "<group>"; };
		EC3B0AF92082503600F7691E /* pin.png */ = {isa = PBXFileReference; lastKnownFileType = image.png; path = pin.png; sourceTree = "<group>"; };
		EC4C8A80208263D5001A45A9 /* MapViewController.swift */ = {isa = PBXFileReference; lastKnownFileType = sourcecode.swift; path = MapViewController.swift; sourceTree = "<group>"; };
/* End PBXFileReference section */

/* Begin PBXFrameworksBuildPhase section */
		EC3B0AC3208173DB00F7691E /* Frameworks */ = {
			isa = PBXFrameworksBuildPhase;
			buildActionMask = 2147483647;
			files = (
			);
			runOnlyForDeploymentPostprocessing = 0;
		};
		EC3B0AD9208173DC00F7691E /* Frameworks */ = {
			isa = PBXFrameworksBuildPhase;
			buildActionMask = 2147483647;
			files = (
			);
			runOnlyForDeploymentPostprocessing = 0;
		};
		EC3B0AE4208173DC00F7691E /* Frameworks */ = {
			isa = PBXFrameworksBuildPhase;
			buildActionMask = 2147483647;
			files = (
			);
			runOnlyForDeploymentPostprocessing = 0;
		};
/* End PBXFrameworksBuildPhase section */

/* Begin PBXGroup section */
		EC3B0ABD208173DB00F7691E = {
			isa = PBXGroup;
			children = (
				EC3B0AC8208173DB00F7691E /* ARApp */,
				EC3B0ADF208173DC00F7691E /* ARAppTests */,
				EC3B0AEA208173DC00F7691E /* ARAppUITests */,
				EC3B0AC7208173DB00F7691E /* Products */,
			);
			sourceTree = "<group>";
		};
		EC3B0AC7208173DB00F7691E /* Products */ = {
			isa = PBXGroup;
			children = (
				EC3B0AC6208173DB00F7691E /* ARApp.app */,
				EC3B0ADC208173DC00F7691E /* ARAppTests.xctest */,
				EC3B0AE7208173DC00F7691E /* ARAppUITests.xctest */,
			);
			name = Products;
			sourceTree = "<group>";
		};
		EC3B0AC8208173DB00F7691E /* ARApp */ = {
			isa = PBXGroup;
			children = (
				EC3B0AC9208173DB00F7691E /* AppDelegate.swift */,
				EC3B0ACB208173DB00F7691E /* art.scnassets */,
				EC3B0ACD208173DB00F7691E /* ViewController.swift */,
				EC3B0ACF208173DB00F7691E /* Main.storyboard */,
				EC4C8A80208263D5001A45A9 /* MapViewController.swift */,
				EC3B0AD2208173DC00F7691E /* Assets.xcassets */,
				EC3B0AD4208173DC00F7691E /* LaunchScreen.storyboard */,
				EC3B0AD7208173DC00F7691E /* Info.plist */,
				EC3B0AF92082503600F7691E /* pin.png */,
			);
			path = ARApp;
			sourceTree = "<group>";
		};
		EC3B0ADF208173DC00F7691E /* ARAppTests */ = {
			isa = PBXGroup;
			children = (
				EC3B0AE0208173DC00F7691E /* ARAppTests.swift */,
				EC3B0AE2208173DC00F7691E /* Info.plist */,
			);
			path = ARAppTests;
			sourceTree = "<group>";
		};
		EC3B0AEA208173DC00F7691E /* ARAppUITests */ = {
			isa = PBXGroup;
			children = (
				EC3B0AEB208173DC00F7691E /* ARAppUITests.swift */,
				EC3B0AED208173DC00F7691E /* Info.plist */,
			);
			path = ARAppUITests;
			sourceTree = "<group>";
		};
/* End PBXGroup section */

/* Begin PBXNativeTarget section */
		EC3B0AC5208173DB00F7691E /* ARApp */ = {
			isa = PBXNativeTarget;
			buildConfigurationList = EC3B0AF0208173DC00F7691E /* Build configuration list for PBXNativeTarget "ARApp" */;
			buildPhases = (
				EC3B0AC2208173DB00F7691E /* Sources */,
				EC3B0AC3208173DB00F7691E /* Frameworks */,
				EC3B0AC4208173DB00F7691E /* Resources */,
			);
			buildRules = (
			);
			dependencies = (
			);
			name = ARApp;
			productName = ARApp;
			productReference = EC3B0AC6208173DB00F7691E /* ARApp.app */;
			productType = "com.apple.product-type.application";
		};
		EC3B0ADB208173DC00F7691E /* ARAppTests */ = {
			isa = PBXNativeTarget;
			buildConfigurationList = EC3B0AF3208173DC00F7691E /* Build configuration list for PBXNativeTarget "ARAppTests" */;
			buildPhases = (
				EC3B0AD8208173DC00F7691E /* Sources */,
				EC3B0AD9208173DC00F7691E /* Frameworks */,
				EC3B0ADA208173DC00F7691E /* Resources */,
			);
			buildRules = (
			);
			dependencies = (
				EC3B0ADE208173DC00F7691E /* PBXTargetDependency */,
			);
			name = ARAppTests;
			productName = ARAppTests;
			productReference = EC3B0ADC208173DC00F7691E /* ARAppTests.xctest */;
			productType = "com.apple.product-type.bundle.unit-test";
		};
		EC3B0AE6208173DC00F7691E /* ARAppUITests */ = {
			isa = PBXNativeTarget;
			buildConfigurationList = EC3B0AF6208173DC00F7691E /* Build configuration list for PBXNativeTarget "ARAppUITests" */;
			buildPhases = (
				EC3B0AE3208173DC00F7691E /* Sources */,
				EC3B0AE4208173DC00F7691E /* Frameworks */,
				EC3B0AE5208173DC00F7691E /* Resources */,
			);
			buildRules = (
			);
			dependencies = (
				EC3B0AE9208173DC00F7691E /* PBXTargetDependency */,
			);
			name = ARAppUITests;
			productName = ARAppUITests;
			productReference = EC3B0AE7208173DC00F7691E /* ARAppUITests.xctest */;
			productType = "com.apple.product-type.bundle.ui-testing";
		};
/* End PBXNativeTarget section */

/* Begin PBXProject section */
		EC3B0ABE208173DB00F7691E /* Project object */ = {
			isa = PBXProject;
			attributes = {
				LastSwiftUpdateCheck = 0930;
				LastUpgradeCheck = 0930;
				ORGANIZATIONNAME = "Gary Hicks";
				TargetAttributes = {
					EC3B0AC5208173DB00F7691E = {
						CreatedOnToolsVersion = 9.3;
					};
					EC3B0ADB208173DC00F7691E = {
						CreatedOnToolsVersion = 9.3;
						TestTargetID = EC3B0AC5208173DB00F7691E;
					};
					EC3B0AE6208173DC00F7691E = {
						CreatedOnToolsVersion = 9.3;
						TestTargetID = EC3B0AC5208173DB00F7691E;
					};
				};
			};
			buildConfigurationList = EC3B0AC1208173DB00F7691E /* Build configuration list for PBXProject "ARApp" */;
			compatibilityVersion = "Xcode 9.3";
			developmentRegion = en;
			hasScannedForEncodings = 0;
			knownRegions = (
				en,
				Base,
			);
			mainGroup = EC3B0ABD208173DB00F7691E;
			productRefGroup = EC3B0AC7208173DB00F7691E /* Products */;
			projectDirPath = "";
			projectRoot = "";
			targets = (
				EC3B0AC5208173DB00F7691E /* ARApp */,
				EC3B0ADB208173DC00F7691E /* ARAppTests */,
				EC3B0AE6208173DC00F7691E /* ARAppUITests */,
			);
		};
/* End PBXProject section */

/* Begin PBXResourcesBuildPhase section */
		EC3B0AC4208173DB00F7691E /* Resources */ = {
			isa = PBXResourcesBuildPhase;
			buildActionMask = 2147483647;
			files = (
				EC3B0ACC208173DB00F7691E /* art.scnassets in Resources */,
				EC3B0AD6208173DC00F7691E /* LaunchScreen.storyboard in Resources */,
				EC3B0AD3208173DC00F7691E /* Assets.xcassets in Resources */,
				EC3B0AFA2082503600F7691E /* pin.png in Resources */,
				EC3B0AD1208173DB00F7691E /* Main.storyboard in Resources */,
			);
			runOnlyForDeploymentPostprocessing = 0;
		};
		EC3B0ADA208173DC00F7691E /* Resources */ = {
			isa = PBXResourcesBuildPhase;
			buildActionMask = 2147483647;
			files = (
			);
			runOnlyForDeploymentPostprocessing = 0;
		};
		EC3B0AE5208173DC00F7691E /* Resources */ = {
			isa = PBXResourcesBuildPhase;
			buildActionMask = 2147483647;
			files = (
			);
			runOnlyForDeploymentPostprocessing = 0;
		};
/* End PBXResourcesBuildPhase section */

/* Begin PBXSourcesBuildPhase section */
		EC3B0AC2208173DB00F7691E /* Sources */ = {
			isa = PBXSourcesBuildPhase;
			buildActionMask = 2147483647;
			files = (
				EC3B0ACE208173DB00F7691E /* ViewController.swift in Sources */,
				EC4C8A81208263D5001A45A9 /* MapViewController.swift in Sources */,
				EC3B0ACA208173DB00F7691E /* AppDelegate.swift in Sources */,
			);
			runOnlyForDeploymentPostprocessing = 0;
		};
		EC3B0AD8208173DC00F7691E /* Sources */ = {
			isa = PBXSourcesBuildPhase;
			buildActionMask = 2147483647;
			files = (
				EC3B0AE1208173DC00F7691E /* ARAppTests.swift in Sources */,
			);
			runOnlyForDeploymentPostprocessing = 0;
		};
		EC3B0AE3208173DC00F7691E /* Sources */ = {
			isa = PBXSourcesBuildPhase;
			buildActionMask = 2147483647;
			files = (
				EC3B0AEC208173DC00F7691E /* ARAppUITests.swift in Sources */,
			);
			runOnlyForDeploymentPostprocessing = 0;
		};
/* End PBXSourcesBuildPhase section */

/* Begin PBXTargetDependency section */
		EC3B0ADE208173DC00F7691E /* PBXTargetDependency */ = {
			isa = PBXTargetDependency;
			target = EC3B0AC5208173DB00F7691E /* ARApp */;
			targetProxy = EC3B0ADD208173DC00F7691E /* PBXContainerItemProxy */;
		};
		EC3B0AE9208173DC00F7691E /* PBXTargetDependency */ = {
			isa = PBXTargetDependency;
			target = EC3B0AC5208173DB00F7691E /* ARApp */;
			targetProxy = EC3B0AE8208173DC00F7691E /* PBXContainerItemProxy */;
		};
/* End PBXTargetDependency section */

/* Begin PBXVariantGroup section */
		EC3B0ACF208173DB00F7691E /* Main.storyboard */ = {
			isa = PBXVariantGroup;
			children = (
				EC3B0AD0208173DB00F7691E /* Base */,
			);
			name = Main.storyboard;
			sourceTree = "<group>";
		};
		EC3B0AD4208173DC00F7691E /* LaunchScreen.storyboard */ = {
			isa = PBXVariantGroup;
			children = (
				EC3B0AD5208173DC00F7691E /* Base */,
			);
			name = LaunchScreen.storyboard;
			sourceTree = "<group>";
		};
/* End PBXVariantGroup section */

/* Begin XCBuildConfiguration section */
		EC3B0AEE208173DC00F7691E /* Debug */ = {
			isa = XCBuildConfiguration;
			buildSettings = {
				ALWAYS_SEARCH_USER_PATHS = NO;
				CLANG_ANALYZER_NONNULL = YES;
				CLANG_ANALYZER_NUMBER_OBJECT_CONVERSION = YES_AGGRESSIVE;
				CLANG_CXX_LANGUAGE_STANDARD = "gnu++14";
				CLANG_CXX_LIBRARY = "libc++";
				CLANG_ENABLE_MODULES = YES;
				CLANG_ENABLE_OBJC_ARC = YES;
				CLANG_ENABLE_OBJC_WEAK = YES;
				CLANG_WARN_BLOCK_CAPTURE_AUTORELEASING = YES;
				CLANG_WARN_BOOL_CONVERSION = YES;
				CLANG_WARN_COMMA = YES;
				CLANG_WARN_CONSTANT_CONVERSION = YES;
				CLANG_WARN_DEPRECATED_OBJC_IMPLEMENTATIONS = YES;
				CLANG_WARN_DIRECT_OBJC_ISA_USAGE = YES_ERROR;
				CLANG_WARN_DOCUMENTATION_COMMENTS = YES;
				CLANG_WARN_EMPTY_BODY = YES;
				CLANG_WARN_ENUM_CONVERSION = YES;
				CLANG_WARN_INFINITE_RECURSION = YES;
				CLANG_WARN_INT_CONVERSION = YES;
				CLANG_WARN_NON_LITERAL_NULL_CONVERSION = YES;
				CLANG_WARN_OBJC_IMPLICIT_RETAIN_SELF = YES;
				CLANG_WARN_OBJC_LITERAL_CONVERSION = YES;
				CLANG_WARN_OBJC_ROOT_CLASS = YES_ERROR;
				CLANG_WARN_RANGE_LOOP_ANALYSIS = YES;
				CLANG_WARN_STRICT_PROTOTYPES = YES;
				CLANG_WARN_SUSPICIOUS_MOVE = YES;
				CLANG_WARN_UNGUARDED_AVAILABILITY = YES_AGGRESSIVE;
				CLANG_WARN_UNREACHABLE_CODE = YES;
				CLANG_WARN__DUPLICATE_METHOD_MATCH = YES;
				CODE_SIGN_IDENTITY = "iPhone Developer";
				COPY_PHASE_STRIP = NO;
				DEBUG_INFORMATION_FORMAT = dwarf;
				ENABLE_STRICT_OBJC_MSGSEND = YES;
				ENABLE_TESTABILITY = YES;
				GCC_C_LANGUAGE_STANDARD = gnu11;
				GCC_DYNAMIC_NO_PIC = NO;
				GCC_NO_COMMON_BLOCKS = YES;
				GCC_OPTIMIZATION_LEVEL = 0;
				GCC_PREPROCESSOR_DEFINITIONS = (
					"DEBUG=1",
					"$(inherited)",
				);
				GCC_WARN_64_TO_32_BIT_CONVERSION = YES;
				GCC_WARN_ABOUT_RETURN_TYPE = YES_ERROR;
				GCC_WARN_UNDECLARED_SELECTOR = YES;
				GCC_WARN_UNINITIALIZED_AUTOS = YES_AGGRESSIVE;
				GCC_WARN_UNUSED_FUNCTION = YES;
				GCC_WARN_UNUSED_VARIABLE = YES;
				IPHONEOS_DEPLOYMENT_TARGET = 11.3;
				MTL_ENABLE_DEBUG_INFO = YES;
				ONLY_ACTIVE_ARCH = YES;
				SDKROOT = iphoneos;
				SWIFT_ACTIVE_COMPILATION_CONDITIONS = DEBUG;
				SWIFT_OPTIMIZATION_LEVEL = "-Onone";
			};
			name = Debug;
		};
		EC3B0AEF208173DC00F7691E /* Release */ = {
			isa = XCBuildConfiguration;
			buildSettings = {
				ALWAYS_SEARCH_USER_PATHS = NO;
				CLANG_ANALYZER_NONNULL = YES;
				CLANG_ANALYZER_NUMBER_OBJECT_CONVERSION = YES_AGGRESSIVE;
				CLANG_CXX_LANGUAGE_STANDARD = "gnu++14";
				CLANG_CXX_LIBRARY = "libc++";
				CLANG_ENABLE_MODULES = YES;
				CLANG_ENABLE_OBJC_ARC = YES;
				CLANG_ENABLE_OBJC_WEAK = YES;
				CLANG_WARN_BLOCK_CAPTURE_AUTORELEASING = YES;
				CLANG_WARN_BOOL_CONVERSION = YES;
				CLANG_WARN_COMMA = YES;
				CLANG_WARN_CONSTANT_CONVERSION = YES;
				CLANG_WARN_DEPRECATED_OBJC_IMPLEMENTATIONS = YES;
				CLANG_WARN_DIRECT_OBJC_ISA_USAGE = YES_ERROR;
				CLANG_WARN_DOCUMENTATION_COMMENTS = YES;
				CLANG_WARN_EMPTY_BODY = YES;
				CLANG_WARN_ENUM_CONVERSION = YES;
				CLANG_WARN_INFINITE_RECURSION = YES;
				CLANG_WARN_INT_CONVERSION = YES;
				CLANG_WARN_NON_LITERAL_NULL_CONVERSION = YES;
				CLANG_WARN_OBJC_IMPLICIT_RETAIN_SELF = YES;
				CLANG_WARN_OBJC_LITERAL_CONVERSION = YES;
				CLANG_WARN_OBJC_ROOT_CLASS = YES_ERROR;
				CLANG_WARN_RANGE_LOOP_ANALYSIS = YES;
				CLANG_WARN_STRICT_PROTOTYPES = YES;
				CLANG_WARN_SUSPICIOUS_MOVE = YES;
				CLANG_WARN_UNGUARDED_AVAILABILITY = YES_AGGRESSIVE;
				CLANG_WARN_UNREACHABLE_CODE = YES;
				CLANG_WARN__DUPLICATE_METHOD_MATCH = YES;
				CODE_SIGN_IDENTITY = "iPhone Developer";
				COPY_PHASE_STRIP = NO;
				DEBUG_INFORMATION_FORMAT = "dwarf-with-dsym";
				ENABLE_NS_ASSERTIONS = NO;
				ENABLE_STRICT_OBJC_MSGSEND = YES;
				GCC_C_LANGUAGE_STANDARD = gnu11;
				GCC_NO_COMMON_BLOCKS = YES;
				GCC_WARN_64_TO_32_BIT_CONVERSION = YES;
				GCC_WARN_ABOUT_RETURN_TYPE = YES_ERROR;
				GCC_WARN_UNDECLARED_SELECTOR = YES;
				GCC_WARN_UNINITIALIZED_AUTOS = YES_AGGRESSIVE;
				GCC_WARN_UNUSED_FUNCTION = YES;
				GCC_WARN_UNUSED_VARIABLE = YES;
				IPHONEOS_DEPLOYMENT_TARGET = 11.3;
				MTL_ENABLE_DEBUG_INFO = NO;
				SDKROOT = iphoneos;
				SWIFT_COMPILATION_MODE = wholemodule;
				SWIFT_OPTIMIZATION_LEVEL = "-O";
				VALIDATE_PRODUCT = YES;
			};
			name = Release;
		};
		EC3B0AF1208173DC00F7691E /* Debug */ = {
			isa = XCBuildConfiguration;
			buildSettings = {
				ASSETCATALOG_COMPILER_APPICON_NAME = AppIcon;
				CODE_SIGN_STYLE = Automatic;
				DEVELOPMENT_TEAM = BV5F2D88AC;
				INFOPLIST_FILE = ARApp/Info.plist;
				LD_RUNPATH_SEARCH_PATHS = (
					"$(inherited)",
					"@executable_path/Frameworks",
				);
				PRODUCT_BUNDLE_IDENTIFIER = garyhicks.ARApp;
				PRODUCT_NAME = "$(TARGET_NAME)";
				SWIFT_VERSION = 4.0;
				TARGETED_DEVICE_FAMILY = "1,2";
			};
			name = Debug;
		};
		EC3B0AF2208173DC00F7691E /* Release */ = {
			isa = XCBuildConfiguration;
			buildSettings = {
				ASSETCATALOG_COMPILER_APPICON_NAME = AppIcon;
				CODE_SIGN_STYLE = Automatic;
				DEVELOPMENT_TEAM = BV5F2D88AC;
				INFOPLIST_FILE = ARApp/Info.plist;
				LD_RUNPATH_SEARCH_PATHS = (
					"$(inherited)",
					"@executable_path/Frameworks",
				);
				PRODUCT_BUNDLE_IDENTIFIER = garyhicks.ARApp;
				PRODUCT_NAME = "$(TARGET_NAME)";
				SWIFT_VERSION = 4.0;
				TARGETED_DEVICE_FAMILY = "1,2";
			};
			name = Release;
		};
		EC3B0AF4208173DC00F7691E /* Debug */ = {
			isa = XCBuildConfiguration;
			buildSettings = {
				ALWAYS_EMBED_SWIFT_STANDARD_LIBRARIES = YES;
				BUNDLE_LOADER = "$(TEST_HOST)";
				CODE_SIGN_STYLE = Automatic;
				INFOPLIST_FILE = ARAppTests/Info.plist;
				LD_RUNPATH_SEARCH_PATHS = (
					"$(inherited)",
					"@executable_path/Frameworks",
					"@loader_path/Frameworks",
				);
				PRODUCT_BUNDLE_IDENTIFIER = garyhicks.ARAppTests;
				PRODUCT_NAME = "$(TARGET_NAME)";
				SWIFT_VERSION = 4.0;
				TARGETED_DEVICE_FAMILY = "1,2";
				TEST_HOST = "$(BUILT_PRODUCTS_DIR)/ARApp.app/ARApp";
			};
			name = Debug;
		};
		EC3B0AF5208173DC00F7691E /* Release */ = {
			isa = XCBuildConfiguration;
			buildSettings = {
				ALWAYS_EMBED_SWIFT_STANDARD_LIBRARIES = YES;
				BUNDLE_LOADER = "$(TEST_HOST)";
				CODE_SIGN_STYLE = Automatic;
				INFOPLIST_FILE = ARAppTests/Info.plist;
				LD_RUNPATH_SEARCH_PATHS = (
					"$(inherited)",
					"@executable_path/Frameworks",
					"@loader_path/Frameworks",
				);
				PRODUCT_BUNDLE_IDENTIFIER = garyhicks.ARAppTests;
				PRODUCT_NAME = "$(TARGET_NAME)";
				SWIFT_VERSION = 4.0;
				TARGETED_DEVICE_FAMILY = "1,2";
				TEST_HOST = "$(BUILT_PRODUCTS_DIR)/ARApp.app/ARApp";
			};
			name = Release;
		};
		EC3B0AF7208173DC00F7691E /* Debug */ = {
			isa = XCBuildConfiguration;
			buildSettings = {
				ALWAYS_EMBED_SWIFT_STANDARD_LIBRARIES = YES;
				CODE_SIGN_STYLE = Automatic;
				INFOPLIST_FILE = ARAppUITests/Info.plist;
				LD_RUNPATH_SEARCH_PATHS = (
					"$(inherited)",
					"@executable_path/Frameworks",
					"@loader_path/Frameworks",
				);
				PRODUCT_BUNDLE_IDENTIFIER = garyhicks.ARAppUITests;
				PRODUCT_NAME = "$(TARGET_NAME)";
				SWIFT_VERSION = 4.0;
				TARGETED_DEVICE_FAMILY = "1,2";
				TEST_TARGET_NAME = ARApp;
			};
			name = Debug;
		};
		EC3B0AF8208173DC00F7691E /* Release */ = {
			isa = XCBuildConfiguration;
			buildSettings = {
				ALWAYS_EMBED_SWIFT_STANDARD_LIBRARIES = YES;
				CODE_SIGN_STYLE = Automatic;
				INFOPLIST_FILE = ARAppUITests/Info.plist;
				LD_RUNPATH_SEARCH_PATHS = (
					"$(inherited)",
					"@executable_path/Frameworks",
					"@loader_path/Frameworks",
				);
				PRODUCT_BUNDLE_IDENTIFIER = garyhicks.ARAppUITests;
				PRODUCT_NAME = "$(TARGET_NAME)";
				SWIFT_VERSION = 4.0;
				TARGETED_DEVICE_FAMILY = "1,2";
				TEST_TARGET_NAME = ARApp;
			};
			name = Release;
		};
/* End XCBuildConfiguration section */

/* Begin XCConfigurationList section */
		EC3B0AC1208173DB00F7691E /* Build configuration list for PBXProject "ARApp" */ = {
			isa = XCConfigurationList;
			buildConfigurations = (
				EC3B0AEE208173DC00F7691E /* Debug */,
				EC3B0AEF208173DC00F7691E /* Release */,
			);
			defaultConfigurationIsVisible = 0;
			defaultConfigurationName = Release;
		};
		EC3B0AF0208173DC00F7691E /* Build configuration list for PBXNativeTarget "ARApp" */ = {
			isa = XCConfigurationList;
			buildConfigurations = (
				EC3B0AF1208173DC00F7691E /* Debug */,
				EC3B0AF2208173DC00F7691E /* Release */,
			);
			defaultConfigurationIsVisible = 0;
			defaultConfigurationName = Release;
		};
		EC3B0AF3208173DC00F7691E /* Build configuration list for PBXNativeTarget "ARAppTests" */ = {
			isa = XCConfigurationList;
			buildConfigurations = (
				EC3B0AF4208173DC00F7691E /* Debug */,
				EC3B0AF5208173DC00F7691E /* Release */,
			);
			defaultConfigurationIsVisible = 0;
			defaultConfigurationName = Release;
		};
		EC3B0AF6208173DC00F7691E /* Build configuration list for PBXNativeTarget "ARAppUITests" */ = {
			isa = XCConfigurationList;
			buildConfigurations = (
				EC3B0AF7208173DC00F7691E /* Debug */,
				EC3B0AF8208173DC00F7691E /* Release */,
			);
			defaultConfigurationIsVisible = 0;
			defaultConfigurationName = Release;
		};
/* End XCConfigurationList section */
	};
	rootObject = EC3B0ABE208173DB00F7691E /* Project object */;
}
